{
    "_readme": [
        "This file locks the dependencies of your project to a known state",
        "Read more about it at https://getcomposer.org/doc/01-basic-usage.md#installing-dependencies",
        "This file is @generated automatically"
    ],
    "content-hash": "83afb23e0900a76b71d1f50792f1efe2",
    "packages": [
        {
            "name": "fzed51/console-options",
            "version": "v1.1.1",
            "source": {
                "type": "git",
                "url": "https://github.com/fzed51/console-options.git",
                "reference": "0049517b5b1bd96d5ffdc4daf89e40ae240559c9"
            },
            "dist": {
                "type": "zip",
                "url": "https://api.github.com/repos/fzed51/console-options/zipball/0049517b5b1bd96d5ffdc4daf89e40ae240559c9",
                "reference": "0049517b5b1bd96d5ffdc4daf89e40ae240559c9",
                "shasum": ""
            },
            "require-dev": {
                "fzed51/run-test": "^1"
            },
            "type": "library",
            "autoload": {
                "psr-4": {
                    "Console\\Options\\": "./src"
                }
            },
            "notification-url": "https://packagist.org/downloads/",
            "license": [
                "MIT"
            ],
            "authors": [
                {
                    "name": "Fabien Sanchez",
                    "email": "fzed51@users.noreply.github.com"
                }
            ],
            "description": "option parser pour ligne de commande PHP",
            "time": "2019-01-30T10:29:11+00:00"
        },
        {
            "name": "fzed51/pdo-helper",
            "version": "v1.2",
            "source": {
                "type": "git",
                "url": "https://github.com/fzed51/pdo-helper.git",
                "reference": "c553ab3d9d4d606bad1bde3351a71bd49ef0d3cd"
            },
            "dist": {
                "type": "zip",
                "url": "https://api.github.com/repos/fzed51/pdo-helper/zipball/c553ab3d9d4d606bad1bde3351a71bd49ef0d3cd",
                "reference": "c553ab3d9d4d606bad1bde3351a71bd49ef0d3cd",
                "shasum": ""
            },
            "require": {
                "ext-pdo": "*",
                "php": "^7.1"
            },
            "type": "library",
            "autoload": {
                "psr-4": {
                    "Helper\\": "./src"
                }
            },
            "notification-url": "https://packagist.org/downloads/",
            "license": [
                "MIT"
            ],
            "authors": [
                {
                    "name": "Fabien Sanchez",
                    "email": "fzed51@users.noreply.github.com"
                }
            ],
            "description": "Helper pour faciliter l'initialisation d'objet PDO",
            "time": "2019-08-28T12:18:54+00:00"
        }
    ],
    "packages-dev": [],
    "aliases": [],
    "minimum-stability": "stable",
    "stability-flags": [],
    "prefer-stable": false,
    "prefer-lowest": false,
    "platform": {
        "php": "^7.1",
        "ext-json": "*",
        "ext-mbstring": "*",
        "ext-pdo": "*"
    },
    "platform-dev": []
}
